
Microsoft Visual Studio Solution File, Format Version 12.00
# Visual Studio 15
VisualStudioVersion = 15.0.27004.2005
MinimumVisualStudioVersion = 10.0.40219.1
Project("{FAE04EC0-301F-11D3-BF4B-00C04F79EFBC}") = "Votacao", "Votacao\Votacao.csproj", "{A9789D90-4EA3-4C84-B5AB-60765A7221F5}"
EndProject
Global
	GlobalSection(SolutionConfigurationPlatforms) = preSolution
		Debug|Any CPU = Debug|Any CPU
		Release|Any CPU = Release|Any CPU
	EndGlobalSection
	GlobalSection(ProjectConfigurationPlatforms) = postSolution
		{A9789D90-4EA3-4C84-B5AB-60765A7221F5}.Debug|Any CPU.ActiveCfg = Debug|Any CPU
		{A9789D90-4EA3-4C84-B5AB-60765A7221F5}.Debug|Any CPU.Build.0 = Debug|Any CPU
		{A9789D90-4EA3-4C84-B5AB-60765A7221F5}.Release|Any CPU.ActiveCfg = Release|Any CPU
		{A9789D90-4EA3-4C84-B5AB-60765A7221F5}.Release|Any CPU.Build.0 = Release|Any CPU
	EndGlobalSection
	GlobalSection(SolutionProperties) = preSolution
		HideSolutionNode = FALSE
	EndGlobalSection
	GlobalSection(ExtensibilityGlobals) = postSolution
		SolutionGuid = {B0471C61-548A-4D7C-B66D-0D0F556D1CB4}
	EndGlobalSection
EndGlobal
